<?xml version="1.0" encoding="utf-8"?>
<Project ToolsVersion="4.0" xmlns="http://schemas.microsoft.com/developer/msbuild/2003">
  <ItemGroup>
    <Filter Include="Source Files">
      <UniqueIdentifier>{4FC737F1-C7A5-4376-A066-2A32D752A2FF}</UniqueIdentifier>
      <Extensions>cpp;c;cc;cxx;c++;cppm;ixx;def;odl;idl;hpj;bat;asm;asmx</Extensions>
    </Filter>
    <Filter Include="Header Files">
      <UniqueIdentifier>{93995380-89BD-4b04-88EB-625FBE52EBFB}</UniqueIdentifier>
      <Extensions>h;hh;hpp;hxx;h++;hm;inl;inc;ipp;xsd</Extensions>
    </Filter>
    <Filter Include="Resource Files">
      <UniqueIdentifier>{67DA6AB6-F800-4c08-8B7A-83BB121AAD01}</UniqueIdentifier>
      <Extensions>rc;ico;cur;bmp;dlg;rc2;rct;bin;rgs;gif;jpg;jpeg;jpe;resx;tiff;tif;png;wav;mfcribbon-ms</Extensions>
    </Filter>
  </ItemGroup>
  <ItemGroup>
    <ClInclude Include="src\FracturePCH.h">
      <Filter>Header Files</Filter>
    </ClInclude>
    <ClInclude Include="src\Common\FractureApp.h">
      <Filter>Header Files</Filter>
    </ClInclude>
    <ClInclude Include="src\Common\AppWindow.h">
      <Filter>Header Files</Filter>
    </ClInclude>
    <ClInclude Include="src\Common\Logger.h">
      <Filter>Header Files</Filter>
    </ClInclude>
    <ClInclude Include="src\Fracture.h">
      <Filter>Header Files</Filter>
    </ClInclude>
    <ClInclude Include="src\Rendering\GraphicsDevice.h">
      <Filter>Header Files</Filter>
    </ClInclude>
    <ClInclude Include="src\Input\Keyboard.h">
      <Filter>Header Files</Filter>
    </ClInclude>
    <ClInclude Include="src\Input\Mouse.h">
      <Filter>Header Files</Filter>
    </ClInclude>
    <ClInclude Include="src\Input\Gamepad.h">
      <Filter>Header Files</Filter>
    </ClInclude>
    <ClInclude Include="src\Input\Input.h">
      <Filter>Header Files</Filter>
    </ClInclude>
    <ClInclude Include="src\Common\UUID.h">
      <Filter>Header Files</Filter>
    </ClInclude>
    <ClInclude Include="src\World\Entity.h">
      <Filter>Header Files</Filter>
    </ClInclude>
    <ClInclude Include="src\World\Components.h">
      <Filter>Header Files</Filter>
    </ClInclude>
    <ClInclude Include="src\World\Scene.h">
      <Filter>Header Files</Filter>
    </ClInclude>
    <ClInclude Include="src\World\SceneManager.h">
      <Filter>Header Files</Filter>
    </ClInclude>
    <ClInclude Include="src\Serialisation\Serialiser.h">
      <Filter>Header Files</Filter>
    </ClInclude>
    <ClInclude Include="vendor\nlohmann\json.hpp">
      <Filter>Header Files</Filter>
    </ClInclude>
    <ClInclude Include="src\EventSystem\Event.h">
      <Filter>Header Files</Filter>
    </ClInclude>
    <ClInclude Include="src\EventSystem\Eventbus.h">
      <Filter>Header Files</Filter>
    </ClInclude>
    <ClInclude Include="src\World\Scenegraph.h">
      <Filter>Header Files</Filter>
    </ClInclude>
    <ClInclude Include="src\Serialisation\SceneSerialiser.h">
      <Filter>Header Files</Filter>
    </ClInclude>
    <ClInclude Include="src\Assets\AssetManager.h">
      <Filter>Header Files</Filter>
    </ClInclude>
    <ClInclude Include="src\Assets\MeshLoader.h">
      <Filter>Header Files</Filter>
    </ClInclude>
    <ClInclude Include="src\Rendering\Vertex.h">
      <Filter>Header Files</Filter>
    </ClInclude>
    <ClInclude Include="src\Rendering\Mesh.h">
      <Filter>Header Files</Filter>
    </ClInclude>
    <ClInclude Include="src\Rendering\Buffer.h">
      <Filter>Header Files</Filter>
    </ClInclude>
    <ClInclude Include="src\Rendering\Shader.h">
      <Filter>Header Files</Filter>
    </ClInclude>
    <ClInclude Include="src\Rendering\PipelineState.h">
      <Filter>Header Files</Filter>
    </ClInclude>
    <ClInclude Include="src\Rendering\Viewport.h">
      <Filter>Header Files</Filter>
    </ClInclude>
    <ClInclude Include="src\Rendering\Scissor.h">
      <Filter>Header Files</Filter>
    </ClInclude>
    <ClInclude Include="src\Rendering\VertexArray.h">
      <Filter>Header Files</Filter>
    </ClInclude>
    <ClInclude Include="src\Rendering\Texture.h">
      <Filter>Header Files</Filter>
    </ClInclude>
    <ClInclude Include="src\World\CameraSystem.h">
      <Filter>Header Files</Filter>
    </ClInclude>
    <ClInclude Include="src\Assets\ImagerLoader.h">
      <Filter>Header Files</Filter>
    </ClInclude>
    <ClInclude Include="src\World\TransformSystem.h">
      <Filter>Header Files</Filter>
    </ClInclude>
    <ClInclude Include="src\Rendering\RenderContext.h">
      <Filter>Header Files</Filter>
    </ClInclude>
    <ClInclude Include="src\Rendering\Command.h">
      <Filter>Header Files</Filter>
    </ClInclude>
    <ClInclude Include="src\Rendering\RenderCommands.h">
      <Filter>Header Files</Filter>
    </ClInclude>
    <ClInclude Include="src\Rendering\RenderTarget.h">
      <Filter>Header Files</Filter>
    </ClInclude>
    <ClInclude Include="src\Rendering\IGraphicsResource.h">
      <Filter>Header Files</Filter>
    </ClInclude>
    <ClInclude Include="src\Rendering\Color.h">
      <Filter>Header Files</Filter>
    </ClInclude>
    <ClInclude Include="src\Rendering\Rendergraph\Rendergraph.h">
      <Filter>Header Files</Filter>
    </ClInclude>
    <ClInclude Include="src\Rendering\Rendergraph\Passes\IPass.h">
      <Filter>Header Files</Filter>
    </ClInclude>
    <ClInclude Include="src\Rendering\Rendergraph\RenderGraphBuilder.h">
      <Filter>Header Files</Filter>
    </ClInclude>
    <ClInclude Include="src\Rendering\Rendergraph\Passes\ClearTargetPass.h">
      <Filter>Header Files</Filter>
    </ClInclude>
    <ClInclude Include="src\Rendering\Rendergraph\Passes\ForwardPass.h">
      <Filter>Header Files</Filter>
    </ClInclude>
    <ClInclude Include="src\Rendering\Rendergraph\Passes\PresentPass.h">
      <Filter>Header Files</Filter>
    </ClInclude>
    <ClInclude Include="src\Rendering\PostProcessingParams.h">
      <Filter>Header Files</Filter>
    </ClInclude>
    <ClInclude Include="src\Rendering\Rendergraph\Passes\GridPass.h">
      <Filter>Header Files</Filter>
    </ClInclude>
    <ClInclude Include="src\Assets\AssetRegistries.h">
      <Filter>Header Files</Filter>
    </ClInclude>
    <ClInclude Include="src\Serialisation\MaterialSerialiser.h">
      <Filter>Header Files</Filter>
    </ClInclude>
    <ClInclude Include="src\Rendering\Material.h">
      <Filter>Header Files</Filter>
    </ClInclude>
    <ClInclude Include="src\Assets\MaterialLoader.h">
      <Filter>Header Files</Filter>
    </ClInclude>
    <ClInclude Include="src\Rendering\Rendergraph\Passes\ZPrePass.h">
      <Filter>Header Files</Filter>
    </ClInclude>
    <ClInclude Include="src\Rendering\Rendergraph\Passes\LightCullingPass.h">
      <Filter>Header Files</Filter>
    </ClInclude>
    <ClInclude Include="src\Rendering\GPUData.h">
      <Filter>Header Files</Filter>
    </ClInclude>
    <ClInclude Include="src\Rendering\Rendergraph\Passes\SSAOPass.h">
      <Filter>Header Files</Filter>
    </ClInclude>
    <ClInclude Include="src\Rendering\Rendergraph\Passes\SSRPass.h">
      <Filter>Header Files</Filter>
    </ClInclude>
    <ClInclude Include="src\Rendering\Rendergraph\Passes\OutlinePass.h">
      <Filter>Header Files</Filter>
    </ClInclude>
    <ClInclude Include="src\Physics\PhysicsEvents.h">
      <Filter>Header Files</Filter>
    </ClInclude>
    <ClInclude Include="src\Rendering\DebugRenderer.h">
      <Filter>Header Files</Filter>
    </ClInclude>
    <ClInclude Include="src\Rendering\Rendergraph\Passes\ComposeRenderersPass.h">
      <Filter>Header Files</Filter>
    </ClInclude>
    <ClInclude Include="src\Physics\ContactListener.h">
      <Filter>Header Files</Filter>
    </ClInclude>
    <ClInclude Include="src\Physics\PhysicsHelpers.h">
      <Filter>Header Files</Filter>
    </ClInclude>
    <ClInclude Include="src\Physics\PhysicsManager.h">
      <Filter>Header Files</Filter>
    </ClInclude>
    <ClInclude Include="src\Physics\PhysicsScene.h">
      <Filter>Header Files</Filter>
    </ClInclude>
    <ClInclude Include="src\Physics\Ray.h">
      <Filter>Header Files</Filter>
    </ClInclude>
    <ClInclude Include="src\Common\Math.h">
      <Filter>Header Files</Filter>
    </ClInclude>
    <ClInclude Include="src\Common\Frustum.h">
      <Filter>Header Files</Filter>
    </ClInclude>
    <ClInclude Include="src\Scripting\ScriptManager.h">
      <Filter>Header Files</Filter>
    </ClInclude>
    <ClInclude Include="src\Scripting\LuaScript.h">
      <Filter>Header Files</Filter>
    </ClInclude>
    <ClInclude Include="src\Scripting\LuaMathBindings.h">
      <Filter>Header Files</Filter>
    </ClInclude>
    <ClInclude Include="src\Scripting\LuaComponentBindings.h">
      <Filter>Header Files</Filter>
    </ClInclude>
    <ClInclude Include="src\World\PhysicsSystem.h">
      <Filter>Header Files</Filter>
    </ClInclude>
    <ClInclude Include="vendor\soloud\soloud.h">
      <Filter>Header Files</Filter>
    </ClInclude>
    <ClInclude Include="vendor\soloud\soloud_audiosource.h">
      <Filter>Header Files</Filter>
    </ClInclude>
    <ClInclude Include="vendor\soloud\soloud_bassboostfilter.h">
      <Filter>Header Files</Filter>
    </ClInclude>
    <ClInclude Include="vendor\soloud\soloud_biquadresonantfilter.h">
      <Filter>Header Files</Filter>
    </ClInclude>
    <ClInclude Include="vendor\soloud\soloud_bus.h">
      <Filter>Header Files</Filter>
    </ClInclude>
    <ClInclude Include="vendor\soloud\soloud_c.h">
      <Filter>Header Files</Filter>
    </ClInclude>
    <ClInclude Include="vendor\soloud\soloud_dcremovalfilter.h">
      <Filter>Header Files</Filter>
    </ClInclude>
    <ClInclude Include="vendor\soloud\soloud_echofilter.h">
      <Filter>Header Files</Filter>
    </ClInclude>
    <ClInclude Include="vendor\soloud\soloud_error.h">
      <Filter>Header Files</Filter>
    </ClInclude>
    <ClInclude Include="vendor\soloud\soloud_fader.h">
      <Filter>Header Files</Filter>
    </ClInclude>
    <ClInclude Include="vendor\soloud\soloud_fft.h">
      <Filter>Header Files</Filter>
    </ClInclude>
    <ClInclude Include="vendor\soloud\soloud_fftfilter.h">
      <Filter>Header Files</Filter>
    </ClInclude>
    <ClInclude Include="vendor\soloud\soloud_file.h">
      <Filter>Header Files</Filter>
    </ClInclude>
    <ClInclude Include="vendor\soloud\soloud_file_hack_off.h">
      <Filter>Header Files</Filter>
    </ClInclude>
    <ClInclude Include="vendor\soloud\soloud_file_hack_on.h">
      <Filter>Header Files</Filter>
    </ClInclude>
    <ClInclude Include="vendor\soloud\soloud_filter.h">
      <Filter>Header Files</Filter>
    </ClInclude>
    <ClInclude Include="vendor\soloud\soloud_flangerfilter.h">
      <Filter>Header Files</Filter>
    </ClInclude>
    <ClInclude Include="vendor\soloud\soloud_freeverbfilter.h">
      <Filter>Header Files</Filter>
    </ClInclude>
    <ClInclude Include="vendor\soloud\soloud_internal.h">
      <Filter>Header Files</Filter>
    </ClInclude>
    <ClInclude Include="vendor\soloud\soloud_lofifilter.h">
      <Filter>Header Files</Filter>
    </ClInclude>
    <ClInclude Include="vendor\soloud\soloud_misc.h">
      <Filter>Header Files</Filter>
    </ClInclude>
    <ClInclude Include="vendor\soloud\soloud_monotone.h">
      <Filter>Header Files</Filter>
    </ClInclude>
    <ClInclude Include="vendor\soloud\soloud_noise.h">
      <Filter>Header Files</Filter>
    </ClInclude>
    <ClInclude Include="vendor\soloud\soloud_openmpt.h">
      <Filter>Header Files</Filter>
    </ClInclude>
    <ClInclude Include="vendor\soloud\soloud_queue.h">
      <Filter>Header Files</Filter>
    </ClInclude>
    <ClInclude Include="vendor\soloud\soloud_robotizefilter.h">
      <Filter>Header Files</Filter>
    </ClInclude>
    <ClInclude Include="vendor\soloud\soloud_sfxr.h">
      <Filter>Header Files</Filter>
    </ClInclude>
    <ClInclude Include="vendor\soloud\soloud_speech.h">
      <Filter>Header Files</Filter>
    </ClInclude>
    <ClInclude Include="vendor\soloud\soloud_tedsid.h">
      <Filter>Header Files</Filter>
    </ClInclude>
    <ClInclude Include="vendor\soloud\soloud_thread.h">
      <Filter>Header Files</Filter>
    </ClInclude>
    <ClInclude Include="vendor\soloud\soloud_vic.h">
      <Filter>Header Files</Filter>
    </ClInclude>
    <ClInclude Include="vendor\soloud\soloud_vizsn.h">
      <Filter>Header Files</Filter>
    </ClInclude>
    <ClInclude Include="vendor\soloud\soloud_wav.h">
      <Filter>Header Files</Filter>
    </ClInclude>
    <ClInclude Include="vendor\soloud\soloud_waveshaperfilter.h">
      <Filter>Header Files</Filter>
    </ClInclude>
    <ClInclude Include="vendor\soloud\soloud_wavstream.h">
      <Filter>Header Files</Filter>
    </ClInclude>
    <ClInclude Include="src\Audio\AudioManager.h">
      <Filter>Header Files</Filter>
    </ClInclude>
    <ClInclude Include="vendor\soloud\src\audiosource\wav\stb_vorbis.h">
      <Filter>Header Files</Filter>
    </ClInclude>
    <ClInclude Include="vendor\soloud\src\audiosource\wav\dr_flac.h">
      <Filter>Header Files</Filter>
    </ClInclude>
    <ClInclude Include="vendor\soloud\src\audiosource\wav\dr_mp3.h">
      <Filter>Header Files</Filter>
    </ClInclude>
    <ClInclude Include="vendor\soloud\src\audiosource\wav\dr_wav.h">
      <Filter>Header Files</Filter>
    </ClInclude>
    <ClInclude Include="src\Scripting\LuaAudioBindings.h">
      <Filter>Header Files</Filter>
    </ClInclude>
    <ClInclude Include="src\Rendering\Rendergraph\Passes\ShadowCasterPass.h">
      <Filter>Header Files</Filter>
    </ClInclude>
    <ClInclude Include="src\Rendering\AABB.h">
      <Filter>Header Files</Filter>
    </ClInclude>
    <ClInclude Include="src\Scripting\LuaPhysicsBindings.h">
      <Filter>Header Files</Filter>
    </ClInclude>
    <ClInclude Include="src\Rendering\PostProcessPipeline.h">
      <Filter>Header Files</Filter>
    </ClInclude>
    <ClInclude Include="src\Rendering\Rendergraph\Passes\FXAAPass.h">
      <Filter>Header Files</Filter>
    </ClInclude>
    <ClInclude Include="src\Rendering\Rendergraph\Passes\IPostProcess.h">
      <Filter>Header Files</Filter>
    </ClInclude>
    <ClInclude Include="src\Rendering\Rendergraph\Passes\ToneMappingPass.h">
      <Filter>Header Files</Filter>
    </ClInclude>
    <ClInclude Include="src\World\WorldEvents.h">
      <Filter>Header Files</Filter>
    </ClInclude>
    <ClInclude Include="src\World\SkyboxSystem.h">
      <Filter>Header Files</Filter>
    </ClInclude>
    <ClInclude Include="src\Input\InputEvents.h">
      <Filter>Header Files</Filter>
    </ClInclude>
    <ClInclude Include="src\Rendering\Rendergraph\Passes\ChromaticAberration.h">
      <Filter>Header Files</Filter>
    </ClInclude>
    <ClInclude Include="src\World\LightProbeSystem.h">
      <Filter>Header Files</Filter>
    </ClInclude>
    <ClInclude Include="src\Game\FractureGame.h">
      <Filter>Header Files</Filter>
    </ClInclude>
    <ClInclude Include="src\Rendering\SceneRenderer.h">
      <Filter>Header Files</Filter>
    </ClInclude>
    <ClInclude Include="src\Physics\PhysicsMaterial.h">
      <Filter>Header Files</Filter>
    </ClInclude>
    <ClInclude Include="src\Rendering\Rendergraph\Passes\BloomPass.h">
      <Filter>Header Files</Filter>
    </ClInclude>
    <ClInclude Include="src\Animation\AnimationClip.h">
      <Filter>Header Files</Filter>
    </ClInclude>
    <ClInclude Include="src\Serialisation\AnimationSerialiser.h">
      <Filter>Header Files</Filter>
    </ClInclude>
    <ClInclude Include="src\Assets\AnimationClipLoader.h">
      <Filter>Header Files</Filter>
    </ClInclude>
    <ClInclude Include="src\Animation\AnimationSystem.h">
      <Filter>Header Files</Filter>
    </ClInclude>
    <ClInclude Include="src\Common\Helpers.h">
      <Filter>Header Files</Filter>
    </ClInclude>
    <ClInclude Include="src\Animation\AnimationState.h">
      <Filter>Header Files</Filter>
    </ClInclude>
    <ClInclude Include="src\Animation\AnimationGraph.h">
      <Filter>Header Files</Filter>
    </ClInclude>
    <ClInclude Include="src\Serialisation\AnimationGraphSerialiser.h">
      <Filter>Header Files</Filter>
    </ClInclude>
  </ItemGroup>
  <ItemGroup>
    <ClCompile Include="src\FracturePCH.cpp">
      <Filter>Source Files</Filter>
    </ClCompile>
    <ClCompile Include="src\Common\FractureApp.cpp">
      <Filter>Source Files</Filter>
    </ClCompile>
    <ClCompile Include="src\Common\AppWindow.cpp">
      <Filter>Source Files</Filter>
    </ClCompile>
    <ClCompile Include="src\Rendering\GraphicsDevice.cpp">
      <Filter>Source Files</Filter>
    </ClCompile>
    <ClCompile Include="vendor\glad\glad.c">
      <Filter>Source Files</Filter>
    </ClCompile>
    <ClCompile Include="src\Common\Logger.cpp">
      <Filter>Source Files</Filter>
    </ClCompile>
    <ClCompile Include="src\Input\Input.cpp">
      <Filter>Source Files</Filter>
    </ClCompile>
    <ClCompile Include="src\Common\UUID.cpp">
      <Filter>Source Files</Filter>
    </ClCompile>
    <ClCompile Include="src\World\Entity.cpp">
      <Filter>Source Files</Filter>
    </ClCompile>
    <ClCompile Include="src\World\Components.cpp">
      <Filter>Source Files</Filter>
    </ClCompile>
    <ClCompile Include="src\World\Scene.cpp">
      <Filter>Source Files</Filter>
    </ClCompile>
    <ClCompile Include="src\World\SceneManager.cpp">
      <Filter>Source Files</Filter>
    </ClCompile>
    <ClCompile Include="src\Serialisation\Serialiser.cpp">
      <Filter>Source Files</Filter>
    </ClCompile>
    <ClCompile Include="src\EventSystem\Eventbus.cpp">
      <Filter>Source Files</Filter>
    </ClCompile>
    <ClCompile Include="src\World\Scenegraph.cpp">
      <Filter>Source Files</Filter>
    </ClCompile>
    <ClCompile Include="src\Serialisation\SceneSerialiser.cpp">
      <Filter>Source Files</Filter>
    </ClCompile>
    <ClCompile Include="src\Assets\AssetManager.cpp">
      <Filter>Source Files</Filter>
    </ClCompile>
    <ClCompile Include="src\Assets\MeshLoader.cpp">
      <Filter>Source Files</Filter>
    </ClCompile>
    <ClCompile Include="src\Rendering\Vertex.cpp">
      <Filter>Source Files</Filter>
    </ClCompile>
    <ClCompile Include="src\Rendering\Mesh.cpp">
      <Filter>Source Files</Filter>
    </ClCompile>
    <ClCompile Include="src\Rendering\Buffer.cpp">
      <Filter>Source Files</Filter>
    </ClCompile>
    <ClCompile Include="src\Rendering\Shader.cpp">
      <Filter>Source Files</Filter>
    </ClCompile>
    <ClCompile Include="src\Rendering\PipelineState.cpp">
      <Filter>Source Files</Filter>
    </ClCompile>
    <ClCompile Include="src\Rendering\VertexArray.cpp">
      <Filter>Source Files</Filter>
    </ClCompile>
    <ClCompile Include="src\Rendering\Texture.cpp">
      <Filter>Source Files</Filter>
    </ClCompile>
    <ClCompile Include="src\World\CameraSystem.cpp">
      <Filter>Source Files</Filter>
    </ClCompile>
    <ClCompile Include="src\Assets\ImagerLoader.cpp">
      <Filter>Source Files</Filter>
    </ClCompile>
    <ClCompile Include="src\World\TransformSystem.cpp">
      <Filter>Source Files</Filter>
    </ClCompile>
    <ClCompile Include="src\Rendering\Viewport.cpp">
      <Filter>Source Files</Filter>
    </ClCompile>
    <ClCompile Include="src\Rendering\Scissor.cpp">
      <Filter>Source Files</Filter>
    </ClCompile>
    <ClCompile Include="src\Rendering\Command.cpp">
      <Filter>Source Files</Filter>
    </ClCompile>
    <ClCompile Include="src\Rendering\RenderCommands.cpp">
      <Filter>Source Files</Filter>
    </ClCompile>
    <ClCompile Include="src\Rendering\RenderContext.cpp">
      <Filter>Source Files</Filter>
    </ClCompile>
    <ClCompile Include="src\Rendering\RenderTarget.cpp">
      <Filter>Source Files</Filter>
    </ClCompile>
    <ClCompile Include="src\Rendering\Color.cpp">
      <Filter>Source Files</Filter>
    </ClCompile>
    <ClCompile Include="src\Rendering\Rendergraph\Passes\IPass.cpp">
      <Filter>Source Files</Filter>
    </ClCompile>
    <ClCompile Include="src\Rendering\Rendergraph\RenderGraphBuilder.cpp">
      <Filter>Source Files</Filter>
    </ClCompile>
    <ClCompile Include="src\Rendering\Rendergraph\Rendergraph.cpp">
      <Filter>Source Files</Filter>
    </ClCompile>
    <ClCompile Include="src\Rendering\Rendergraph\Passes\ClearTargetPass.cpp">
      <Filter>Source Files</Filter>
    </ClCompile>
    <ClCompile Include="src\Rendering\Rendergraph\Passes\ForwardPass.cpp">
      <Filter>Source Files</Filter>
    </ClCompile>
    <ClCompile Include="src\Rendering\Rendergraph\Passes\PresentPass.cpp">
      <Filter>Source Files</Filter>
    </ClCompile>
    <ClCompile Include="src\Rendering\Rendergraph\Passes\GridPass.cpp">
      <Filter>Source Files</Filter>
    </ClCompile>
    <ClCompile Include="src\Rendering\Material.cpp">
      <Filter>Source Files</Filter>
    </ClCompile>
    <ClCompile Include="src\Serialisation\MaterialSerialiser.cpp">
      <Filter>Source Files</Filter>
    </ClCompile>
    <ClCompile Include="src\Assets\MaterialLoader.cpp">
      <Filter>Source Files</Filter>
    </ClCompile>
    <ClCompile Include="src\Rendering\Rendergraph\Passes\ZPrePass.cpp">
      <Filter>Source Files</Filter>
    </ClCompile>
    <ClCompile Include="src\Rendering\Rendergraph\Passes\LightCullingPass.cpp">
      <Filter>Source Files</Filter>
    </ClCompile>
    <ClCompile Include="src\Rendering\GPUData.cpp">
      <Filter>Source Files</Filter>
    </ClCompile>
    <ClCompile Include="src\Physics\PhysicsEvents.cpp">
      <Filter>Source Files</Filter>
    </ClCompile>
    <ClCompile Include="src\Rendering\DebugRenderer.cpp">
      <Filter>Source Files</Filter>
    </ClCompile>
    <ClCompile Include="src\Rendering\Rendergraph\Passes\ComposeRenderersPass.cpp">
      <Filter>Source Files</Filter>
    </ClCompile>
    <ClCompile Include="src\Physics\ContactListener.cpp">
      <Filter>Source Files</Filter>
    </ClCompile>
    <ClCompile Include="src\Physics\PhysicsHelpers.cpp">
      <Filter>Source Files</Filter>
    </ClCompile>
    <ClCompile Include="src\Physics\PhysicsManager.cpp">
      <Filter>Source Files</Filter>
    </ClCompile>
    <ClCompile Include="src\Physics\PhysicsScene.cpp">
      <Filter>Source Files</Filter>
    </ClCompile>
    <ClCompile Include="src\Physics\Ray.cpp">
      <Filter>Source Files</Filter>
    </ClCompile>
    <ClCompile Include="src\Common\Math.cpp">
      <Filter>Source Files</Filter>
    </ClCompile>
    <ClCompile Include="src\Common\Frustum.cpp">
      <Filter>Source Files</Filter>
    </ClCompile>
    <ClCompile Include="src\Scripting\ScriptManager.cpp">
      <Filter>Source Files</Filter>
    </ClCompile>
    <ClCompile Include="src\Scripting\LuaScript.cpp">
      <Filter>Source Files</Filter>
    </ClCompile>
    <ClCompile Include="src\Scripting\LuaMathBindings.cpp">
      <Filter>Source Files</Filter>
    </ClCompile>
    <ClCompile Include="src\Scripting\LuaComponentBindings.cpp">
      <Filter>Source Files</Filter>
    </ClCompile>
    <ClCompile Include="src\World\PhysicsSystem.cpp">
      <Filter>Source Files</Filter>
    </ClCompile>
    <ClCompile Include="vendor\soloud\src\core\soloud.cpp">
      <Filter>Source Files</Filter>
    </ClCompile>
    <ClCompile Include="vendor\soloud\src\core\soloud_audiosource.cpp">
      <Filter>Source Files</Filter>
    </ClCompile>
    <ClCompile Include="vendor\soloud\src\core\soloud_bus.cpp">
      <Filter>Source Files</Filter>
    </ClCompile>
    <ClCompile Include="vendor\soloud\src\core\soloud_core_3d.cpp">
      <Filter>Source Files</Filter>
    </ClCompile>
    <ClCompile Include="vendor\soloud\src\core\soloud_core_basicops.cpp">
      <Filter>Source Files</Filter>
    </ClCompile>
    <ClCompile Include="vendor\soloud\src\core\soloud_core_faderops.cpp">
      <Filter>Source Files</Filter>
    </ClCompile>
    <ClCompile Include="vendor\soloud\src\core\soloud_core_filterops.cpp">
      <Filter>Source Files</Filter>
    </ClCompile>
    <ClCompile Include="vendor\soloud\src\core\soloud_core_getters.cpp">
      <Filter>Source Files</Filter>
    </ClCompile>
    <ClCompile Include="vendor\soloud\src\core\soloud_core_setters.cpp">
      <Filter>Source Files</Filter>
    </ClCompile>
    <ClCompile Include="vendor\soloud\src\core\soloud_core_voicegroup.cpp">
      <Filter>Source Files</Filter>
    </ClCompile>
    <ClCompile Include="vendor\soloud\src\core\soloud_core_voiceops.cpp">
      <Filter>Source Files</Filter>
    </ClCompile>
    <ClCompile Include="vendor\soloud\src\core\soloud_fader.cpp">
      <Filter>Source Files</Filter>
    </ClCompile>
    <ClCompile Include="vendor\soloud\src\core\soloud_fft.cpp">
      <Filter>Source Files</Filter>
    </ClCompile>
    <ClCompile Include="vendor\soloud\src\core\soloud_fft_lut.cpp">
      <Filter>Source Files</Filter>
    </ClCompile>
    <ClCompile Include="vendor\soloud\src\core\soloud_file.cpp">
      <Filter>Source Files</Filter>
    </ClCompile>
    <ClCompile Include="vendor\soloud\src\core\soloud_filter.cpp">
      <Filter>Source Files</Filter>
    </ClCompile>
    <ClCompile Include="vendor\soloud\src\core\soloud_misc.cpp">
      <Filter>Source Files</Filter>
    </ClCompile>
    <ClCompile Include="vendor\soloud\src\core\soloud_queue.cpp">
      <Filter>Source Files</Filter>
    </ClCompile>
    <ClCompile Include="vendor\soloud\src\core\soloud_thread.cpp">
      <Filter>Source Files</Filter>
    </ClCompile>
    <ClCompile Include="vendor\soloud\src\filter\soloud_bassboostfilter.cpp">
      <Filter>Source Files</Filter>
    </ClCompile>
    <ClCompile Include="vendor\soloud\src\filter\soloud_biquadresonantfilter.cpp">
      <Filter>Source Files</Filter>
    </ClCompile>
    <ClCompile Include="vendor\soloud\src\filter\soloud_dcremovalfilter.cpp">
      <Filter>Source Files</Filter>
    </ClCompile>
    <ClCompile Include="vendor\soloud\src\filter\soloud_echofilter.cpp">
      <Filter>Source Files</Filter>
    </ClCompile>
    <ClCompile Include="vendor\soloud\src\filter\soloud_fftfilter.cpp">
      <Filter>Source Files</Filter>
    </ClCompile>
    <ClCompile Include="vendor\soloud\src\filter\soloud_flangerfilter.cpp">
      <Filter>Source Files</Filter>
    </ClCompile>
    <ClCompile Include="vendor\soloud\src\filter\soloud_freeverbfilter.cpp">
      <Filter>Source Files</Filter>
    </ClCompile>
    <ClCompile Include="vendor\soloud\src\filter\soloud_lofifilter.cpp">
      <Filter>Source Files</Filter>
    </ClCompile>
    <ClCompile Include="vendor\soloud\src\filter\soloud_robotizefilter.cpp">
      <Filter>Source Files</Filter>
    </ClCompile>
    <ClCompile Include="vendor\soloud\src\filter\soloud_waveshaperfilter.cpp">
      <Filter>Source Files</Filter>
    </ClCompile>
    <ClCompile Include="vendor\soloud\soloud_openal.cpp">
      <Filter>Source Files</Filter>
    </ClCompile>
    <ClCompile Include="src\Audio\AudioManager.cpp">
      <Filter>Source Files</Filter>
    </ClCompile>
    <ClCompile Include="vendor\soloud\src\audiosource\wav\dr_impl.cpp">
      <Filter>Source Files</Filter>
    </ClCompile>
    <ClCompile Include="vendor\soloud\src\audiosource\wav\soloud_wav.cpp">
      <Filter>Source Files</Filter>
    </ClCompile>
    <ClCompile Include="vendor\soloud\src\audiosource\wav\soloud_wavstream.cpp">
      <Filter>Source Files</Filter>
    </ClCompile>
    <ClCompile Include="vendor\soloud\soloud_openal_dll.c">
      <Filter>Source Files</Filter>
    </ClCompile>
    <ClCompile Include="vendor\soloud\src\audiosource\wav\stb_vorbis.c">
      <Filter>Source Files</Filter>
    </ClCompile>
    <ClCompile Include="src\Scripting\LuaAudioBindings.cpp">
      <Filter>Source Files</Filter>
    </ClCompile>
    <ClCompile Include="src\Rendering\Rendergraph\Passes\SSAOPass.cpp">
      <Filter>Source Files</Filter>
    </ClCompile>
    <ClCompile Include="src\Rendering\Rendergraph\Passes\ShadowCasterPass.cpp">
      <Filter>Source Files</Filter>
    </ClCompile>
    <ClCompile Include="src\Rendering\AABB.cpp">
      <Filter>Source Files</Filter>
    </ClCompile>
    <ClCompile Include="src\Scripting\LuaPhysicsBindings.cpp">
      <Filter>Source Files</Filter>
    </ClCompile>
    <ClCompile Include="src\Rendering\Rendergraph\Passes\FXAAPass.cpp">
      <Filter>Source Files</Filter>
    </ClCompile>
    <ClCompile Include="src\Rendering\PostProcessPipeline.cpp">
      <Filter>Source Files</Filter>
    </ClCompile>
    <ClCompile Include="src\Rendering\Rendergraph\Passes\ToneMappingPass.cpp">
      <Filter>Source Files</Filter>
    </ClCompile>
    <ClCompile Include="src\World\WorldEvent.cpp">
      <Filter>Source Files</Filter>
    </ClCompile>
    <ClCompile Include="src\Rendering\Rendergraph\Passes\SSRPass.cpp">
      <Filter>Source Files</Filter>
    </ClCompile>
    <ClCompile Include="src\Rendering\Rendergraph\Passes\ChromaticAberration.cpp">
      <Filter>Source Files</Filter>
    </ClCompile>
    <ClCompile Include="src\World\LightProbeSystem.cpp">
      <Filter>Source Files</Filter>
    </ClCompile>
    <ClCompile Include="src\Game\FractureGame.cpp">
      <Filter>Source Files</Filter>
    </ClCompile>
    <ClCompile Include="src\Rendering\SceneRenderer.cpp">
      <Filter>Source Files</Filter>
    </ClCompile>
    <ClCompile Include="src\Rendering\Rendergraph\Passes\OutlinePass.cpp">
      <Filter>Source Files</Filter>
    </ClCompile>
    <ClCompile Include="src\Physics\PhysicsMaterial.cpp">
      <Filter>Source Files</Filter>
    </ClCompile>
    <ClCompile Include="src\Rendering\Rendergraph\Passes\BloomPass.cpp">
      <Filter>Source Files</Filter>
    </ClCompile>
    <ClCompile Include="src\Animation\AnimationClip.cpp">
      <Filter>Source Files</Filter>
    </ClCompile>
    <ClCompile Include="src\Serialisation\AnimationSerialiser.cpp">
      <Filter>Source Files</Filter>
    </ClCompile>
    <ClCompile Include="src\Assets\AnimationClipLoader.cpp">
      <Filter>Source Files</Filter>
    </ClCompile>
    <ClCompile Include="src\Animation\AnimationSystem.cpp">
      <Filter>Source Files</Filter>
    </ClCompile>
    <ClCompile Include="src\Common\Helpers.cpp">
      <Filter>Source Files</Filter>
    </ClCompile>
    <ClCompile Include="src\Animation\AnimationState.cpp">
      <Filter>Source Files</Filter>
    </ClCompile>
    <ClCompile Include="src\Animation\AnimationGraph.cpp">
      <Filter>Source Files</Filter>
    </ClCompile>
    <ClCompile Include="src\Serialisation\AnimationGraphSerialiser.cpp">
      <Filter>Source Files</Filter>
    </ClCompile>
  </ItemGroup>
</Project>